
Microsoft Visual Studio Solution File, Format Version 12.00
# Visual Studio Version 16
VisualStudioVersion = 16.0.30804.86
MinimumVisualStudioVersion = 10.0.40219.1
Project("{FAE04EC0-301F-11D3-BF4B-00C04F79EFBC}") = "Web Api", "Web Api\Web Api.csproj", "{5050006F-E482-4CFF-B026-905F8CE17702}"
EndProject
Project("{FAE04EC0-301F-11D3-BF4B-00C04F79EFBC}") = "WindowsFormsApp1", "..\WindowsFormsApp1\WindowsFormsApp1\WindowsFormsApp1.csproj", "{57FD2AE3-0A47-4233-BF8D-566B2DDF5F55}"
EndProject
Global
	GlobalSection(SolutionConfigurationPlatforms) = preSolution
		Debug|Any CPU = Debug|Any CPU
		Release|Any CPU = Release|Any CPU
	EndGlobalSection
	GlobalSection(ProjectConfigurationPlatforms) = postSolution
		{5050006F-E482-4CFF-B026-905F8CE17702}.Debug|Any CPU.ActiveCfg = Debug|Any CPU
		{5050006F-E482-4CFF-B026-905F8CE17702}.Debug|Any CPU.Build.0 = Debug|Any CPU
		{5050006F-E482-4CFF-B026-905F8CE17702}.Release|Any CPU.ActiveCfg = Release|Any CPU
		{5050006F-E482-4CFF-B026-905F8CE17702}.Release|Any CPU.Build.0 = Release|Any CPU
		{57FD2AE3-0A47-4233-BF8D-566B2DDF5F55}.Debug|Any CPU.ActiveCfg = Debug|Any CPU
		{57FD2AE3-0A47-4233-BF8D-566B2DDF5F55}.Debug|Any CPU.Build.0 = Debug|Any CPU
		{57FD2AE3-0A47-4233-BF8D-566B2DDF5F55}.Release|Any CPU.ActiveCfg = Release|Any CPU
		{57FD2AE3-0A47-4233-BF8D-566B2DDF5F55}.Release|Any CPU.Build.0 = Release|Any CPU
	EndGlobalSection
	GlobalSection(SolutionProperties) = preSolution
		HideSolutionNode = FALSE
	EndGlobalSection
	GlobalSection(ExtensibilityGlobals) = postSolution
		SolutionGuid = {92A8E3BC-5289-45C0-ACA6-EDBEA538773F}
	EndGlobalSection
EndGlobal
